
Microsoft Visual Studio Solution File, Format Version 12.00
# Visual Studio 2012
Project("{FAE04EC0-301F-11D3-BF4B-00C04F79EFBC}") = "Layout", "Layout\Layout.csproj", "{739FA0ED-0BFB-4FD5-BB62-D0AC450BB37C}"
EndProject
Project("{FAE04EC0-301F-11D3-BF4B-00C04F79EFBC}") = "LibreriaDeClases", "LibreriaDeClases\LibreriaDeClases.csproj", "{A06DF1D8-E508-4380-86AE-C53AC0328293}"
EndProject
Global
	GlobalSection(SolutionConfigurationPlatforms) = preSolution
		Debug|Any CPU = Debug|Any CPU
		Release|Any CPU = Release|Any CPU
	EndGlobalSection
	GlobalSection(ProjectConfigurationPlatforms) = postSolution
		{739FA0ED-0BFB-4FD5-BB62-D0AC450BB37C}.Debug|Any CPU.ActiveCfg = Debug|Any CPU
		{739FA0ED-0BFB-4FD5-BB62-D0AC450BB37C}.Debug|Any CPU.Build.0 = Debug|Any CPU
		{739FA0ED-0BFB-4FD5-BB62-D0AC450BB37C}.Release|Any CPU.ActiveCfg = Release|Any CPU
		{739FA0ED-0BFB-4FD5-BB62-D0AC450BB37C}.Release|Any CPU.Build.0 = Release|Any CPU
		{A06DF1D8-E508-4380-86AE-C53AC0328293}.Debug|Any CPU.ActiveCfg = Debug|Any CPU
		{A06DF1D8-E508-4380-86AE-C53AC0328293}.Debug|Any CPU.Build.0 = Debug|Any CPU
		{A06DF1D8-E508-4380-86AE-C53AC0328293}.Release|Any CPU.ActiveCfg = Release|Any CPU
		{A06DF1D8-E508-4380-86AE-C53AC0328293}.Release|Any CPU.Build.0 = Release|Any CPU
	EndGlobalSection
	GlobalSection(SolutionProperties) = preSolution
		HideSolutionNode = FALSE
	EndGlobalSection
EndGlobal
